
Microsoft Visual Studio Solution File, Format Version 12.00
# Visual Studio Version 17
VisualStudioVersion = 17.4.33213.308
MinimumVisualStudioVersion = 10.0.40219.1
Project("{FAE04EC0-301F-11D3-BF4B-00C04F79EFBC}") = "ABMCollege3Guys", "ABMCollege3Guys\ABMCollege3Guys.csproj", "{3434D44B-8F6C-4C3B-B1B0-71B62A7FED49}"
EndProject
Global
	GlobalSection(SolutionConfigurationPlatforms) = preSolution
		Debug|Any CPU = Debug|Any CPU
		Release|Any CPU = Release|Any CPU
	EndGlobalSection
	GlobalSection(ProjectConfigurationPlatforms) = postSolution
		{3434D44B-8F6C-4C3B-B1B0-71B62A7FED49}.Debug|Any CPU.ActiveCfg = Debug|Any CPU
		{3434D44B-8F6C-4C3B-B1B0-71B62A7FED49}.Debug|Any CPU.Build.0 = Debug|Any CPU
		{3434D44B-8F6C-4C3B-B1B0-71B62A7FED49}.Release|Any CPU.ActiveCfg = Release|Any CPU
		{3434D44B-8F6C-4C3B-B1B0-71B62A7FED49}.Release|Any CPU.Build.0 = Release|Any CPU
	EndGlobalSection
	GlobalSection(SolutionProperties) = preSolution
		HideSolutionNode = FALSE
	EndGlobalSection
	GlobalSection(ExtensibilityGlobals) = postSolution
		SolutionGuid = {2C8DB3E8-4A13-4B88-8958-1F26C9BC7C69}
	EndGlobalSection
EndGlobal
